// !$*UTF8*$!
{
	archiveVersion = 1;
	classes = {
	};
	objectVersion = 46;
	objects = {

/* Begin PBXBuildFile section */
		9E8B98441F6AA7D600E22F73 /* AppDelegate.swift in Sources */ = {isa = PBXBuildFile; fileRef = 9E8B98431F6AA7D600E22F73 /* AppDelegate.swift */; };
		9E8B98461F6AA7D600E22F73 /* ViewController.swift in Sources */ = {isa = PBXBuildFile; fileRef = 9E8B98451F6AA7D600E22F73 /* ViewController.swift */; };
		9E8B98491F6AA7D700E22F73 /* Main.storyboard in Resources */ = {isa = PBXBuildFile; fileRef = 9E8B98471F6AA7D600E22F73 /* Main.storyboard */; };
		9E8B984C1F6AA7D700E22F73 /* CurrencyConverterProject.xcdatamodeld in Sources */ = {isa = PBXBuildFile; fileRef = 9E8B984A1F6AA7D700E22F73 /* CurrencyConverterProject.xcdatamodeld */; };
		9E8B984E1F6AA7D700E22F73 /* Assets.xcassets in Resources */ = {isa = PBXBuildFile; fileRef = 9E8B984D1F6AA7D700E22F73 /* Assets.xcassets */; };
		9E8B98511F6AA7D700E22F73 /* LaunchScreen.storyboard in Resources */ = {isa = PBXBuildFile; fileRef = 9E8B984F1F6AA7D700E22F73 /* LaunchScreen.storyboard */; };
		9E8B98591F6ABF0D00E22F73 /* PickerViewExtension.swift in Sources */ = {isa = PBXBuildFile; fileRef = 9E8B98581F6ABF0D00E22F73 /* PickerViewExtension.swift */; };
/* End PBXBuildFile section */

/* Begin PBXFileReference section */
		9E8B98401F6AA7D600E22F73 /* CurrencyConverterProject.app */ = {isa = PBXFileReference; explicitFileType = wrapper.application; includeInIndex = 0; path = CurrencyConverterProject.app; sourceTree = BUILT_PRODUCTS_DIR; };
		9E8B98431F6AA7D600E22F73 /* AppDelegate.swift */ = {isa = PBXFileReference; lastKnownFileType = sourcecode.swift; path = AppDelegate.swift; sourceTree = "<group>"; };
		9E8B98451F6AA7D600E22F73 /* ViewController.swift */ = {isa = PBXFileReference; lastKnownFileType = sourcecode.swift; path = ViewController.swift; sourceTree = "<group>"; };
		9E8B98481F6AA7D600E22F73 /* Base */ = {isa = PBXFileReference; lastKnownFileType = file.storyboard; name = Base; path = Base.lproj/Main.storyboard; sourceTree = "<group>"; };
		9E8B984B1F6AA7D700E22F73 /* CurrencyConverterProject.xcdatamodel */ = {isa = PBXFileReference; lastKnownFileType = wrapper.xcdatamodel; path = CurrencyConverterProject.xcdatamodel; sourceTree = "<group>"; };
		9E8B984D1F6AA7D700E22F73 /* Assets.xcassets */ = {isa = PBXFileReference; lastKnownFileType = folder.assetcatalog; path = Assets.xcassets; sourceTree = "<group>"; };
		9E8B98501F6AA7D700E22F73 /* Base */ = {isa = PBXFileReference; lastKnownFileType = file.storyboard; name = Base; path = Base.lproj/LaunchScreen.storyboard; sourceTree = "<group>"; };
		9E8B98521F6AA7D700E22F73 /* Info.plist */ = {isa = PBXFileReference; lastKnownFileType = text.plist.xml; path = Info.plist; sourceTree = "<group>"; };
		9E8B98581F6ABF0D00E22F73 /* PickerViewExtension.swift */ = {isa = PBXFileReference; fileEncoding = 4; lastKnownFileType = sourcecode.swift; path = PickerViewExtension.swift; sourceTree = "<group>"; };
/* End PBXFileReference section */

/* Begin PBXFrameworksBuildPhase section */
		9E8B983D1F6AA7D600E22F73 /* Frameworks */ = {
			isa = PBXFrameworksBuildPhase;
			buildActionMask = 2147483647;
			files = (
			);
			runOnlyForDeploymentPostprocessing = 0;
		};
/* End PBXFrameworksBuildPhase section */

/* Begin PBXGroup section */
		9E8B98371F6AA7D600E22F73 = {
			isa = PBXGroup;
			children = (
				9E8B98421F6AA7D600E22F73 /* CurrencyConverterProject */,
				9E8B98411F6AA7D600E22F73 /* Products */,
			);
			sourceTree = "<group>";
		};
		9E8B98411F6AA7D600E22F73 /* Products */ = {
			isa = PBXGroup;
			children = (
				9E8B98401F6AA7D600E22F73 /* CurrencyConverterProject.app */,
			);
			name = Products;
			sourceTree = "<group>";
		};
		9E8B98421F6AA7D600E22F73 /* CurrencyConverterProject */ = {
			isa = PBXGroup;
			children = (
				9E8B98431F6AA7D600E22F73 /* AppDelegate.swift */,
				9E8B98451F6AA7D600E22F73 /* ViewController.swift */,
				9E8B98581F6ABF0D00E22F73 /* PickerViewExtension.swift */,
				9E8B98471F6AA7D600E22F73 /* Main.storyboard */,
				9E8B984D1F6AA7D700E22F73 /* Assets.xcassets */,
				9E8B984F1F6AA7D700E22F73 /* LaunchScreen.storyboard */,
				9E8B98521F6AA7D700E22F73 /* Info.plist */,
				9E8B984A1F6AA7D700E22F73 /* CurrencyConverterProject.xcdatamodeld */,
			);
			path = CurrencyConverterProject;
			sourceTree = "<group>";
		};
/* End PBXGroup section */

/* Begin PBXNativeTarget section */
		9E8B983F1F6AA7D600E22F73 /* CurrencyConverterProject */ = {
			isa = PBXNativeTarget;
			buildConfigurationList = 9E8B98551F6AA7D700E22F73 /* Build configuration list for PBXNativeTarget "CurrencyConverterProject" */;
			buildPhases = (
				9E8B983C1F6AA7D600E22F73 /* Sources */,
				9E8B983D1F6AA7D600E22F73 /* Frameworks */,
				9E8B983E1F6AA7D600E22F73 /* Resources */,
			);
			buildRules = (
			);
			dependencies = (
			);
			name = CurrencyConverterProject;
			productName = CurrencyConverterProject;
			productReference = 9E8B98401F6AA7D600E22F73 /* CurrencyConverterProject.app */;
			productType = "com.apple.product-type.application";
		};
/* End PBXNativeTarget section */

/* Begin PBXProject section */
		9E8B98381F6AA7D600E22F73 /* Project object */ = {
			isa = PBXProject;
			attributes = {
				LastSwiftUpdateCheck = 0830;
				LastUpgradeCheck = 0830;
				ORGANIZATIONNAME = "Елена Сермягина";
				TargetAttributes = {
					9E8B983F1F6AA7D600E22F73 = {
						CreatedOnToolsVersion = 8.3.2;
						DevelopmentTeam = 4ZWF4DD2Q3;
						ProvisioningStyle = Automatic;
					};
				};
			};
			buildConfigurationList = 9E8B983B1F6AA7D600E22F73 /* Build configuration list for PBXProject "CurrencyConverterProject" */;
			compatibilityVersion = "Xcode 3.2";
			developmentRegion = English;
			hasScannedForEncodings = 0;
			knownRegions = (
				en,
				Base,
			);
			mainGroup = 9E8B98371F6AA7D600E22F73;
			productRefGroup = 9E8B98411F6AA7D600E22F73 /* Products */;
			projectDirPath = "";
			projectRoot = "";
			targets = (
				9E8B983F1F6AA7D600E22F73 /* CurrencyConverterProject */,
			);
		};
/* End PBXProject section */

/* Begin PBXResourcesBuildPhase section */
		9E8B983E1F6AA7D600E22F73 /* Resources */ = {
			isa = PBXResourcesBuildPhase;
			buildActionMask = 2147483647;
			files = (
				9E8B98511F6AA7D700E22F73 /* LaunchScreen.storyboard in Resources */,
				9E8B984E1F6AA7D700E22F73 /* Assets.xcassets in Resources */,
				9E8B98491F6AA7D700E22F73 /* Main.storyboard in Resources */,
			);
			runOnlyForDeploymentPostprocessing = 0;
		};
/* End PBXResourcesBuildPhase section */

/* Begin PBXSourcesBuildPhase section */
		9E8B983C1F6AA7D600E22F73 /* Sources */ = {
			isa = PBXSourcesBuildPhase;
			buildActionMask = 2147483647;
			files = (
				9E8B98461F6AA7D600E22F73 /* ViewController.swift in Sources */,
				9E8B98441F6AA7D600E22F73 /* AppDelegate.swift in Sources */,
				9E8B98591F6ABF0D00E22F73 /* PickerViewExtension.swift in Sources */,
				9E8B984C1F6AA7D700E22F73 /* CurrencyConverterProject.xcdatamodeld in Sources */,
			);
			runOnlyForDeploymentPostprocessing = 0;
		};
/* End PBXSourcesBuildPhase section */

/* Begin PBXVariantGroup section */
		9E8B98471F6AA7D600E22F73 /* Main.storyboard */ = {
			isa = PBXVariantGroup;
			children = (
				9E8B98481F6AA7D600E22F73 /* Base */,
			);
			name = Main.storyboard;
			sourceTree = "<group>";
		};
		9E8B984F1F6AA7D700E22F73 /* LaunchScreen.storyboard */ = {
			isa = PBXVariantGroup;
			children = (
				9E8B98501F6AA7D700E22F73 /* Base */,
			);
			name = LaunchScreen.storyboard;
			sourceTree = "<group>";
		};
/* End PBXVariantGroup section */

/* Begin XCBuildConfiguration section */
		9E8B98531F6AA7D700E22F73 /* Debug */ = {
			isa = XCBuildConfiguration;
			buildSettings = {
				ALWAYS_SEARCH_USER_PATHS = NO;
				CLANG_ANALYZER_NONNULL = YES;
				CLANG_ANALYZER_NUMBER_OBJECT_CONVERSION = YES_AGGRESSIVE;
				CLANG_CXX_LANGUAGE_STANDARD = "gnu++0x";
				CLANG_CXX_LIBRARY = "libc++";
				CLANG_ENABLE_MODULES = YES;
				CLANG_ENABLE_OBJC_ARC = YES;
				CLANG_WARN_BOOL_CONVERSION = YES;
				CLANG_WARN_CONSTANT_CONVERSION = YES;
				CLANG_WARN_DIRECT_OBJC_ISA_USAGE = YES_ERROR;
				CLANG_WARN_DOCUMENTATION_COMMENTS = YES;
				CLANG_WARN_EMPTY_BODY = YES;
				CLANG_WARN_ENUM_CONVERSION = YES;
				CLANG_WARN_INFINITE_RECURSION = YES;
				CLANG_WARN_INT_CONVERSION = YES;
				CLANG_WARN_OBJC_ROOT_CLASS = YES_ERROR;
				CLANG_WARN_SUSPICIOUS_MOVE = YES;
				CLANG_WARN_UNREACHABLE_CODE = YES;
				CLANG_WARN__DUPLICATE_METHOD_MATCH = YES;
				"CODE_SIGN_IDENTITY[sdk=iphoneos*]" = "iPhone Developer";
				COPY_PHASE_STRIP = NO;
				DEBUG_INFORMATION_FORMAT = dwarf;
				ENABLE_STRICT_OBJC_MSGSEND = YES;
				ENABLE_TESTABILITY = YES;
				GCC_C_LANGUAGE_STANDARD = gnu99;
				GCC_DYNAMIC_NO_PIC = NO;
				GCC_NO_COMMON_BLOCKS = YES;
				GCC_OPTIMIZATION_LEVEL = 0;
				GCC_PREPROCESSOR_DEFINITIONS = (
					"DEBUG=1",
					"$(inherited)",
				);
				GCC_WARN_64_TO_32_BIT_CONVERSION = YES;
				GCC_WARN_ABOUT_RETURN_TYPE = YES_ERROR;
				GCC_WARN_UNDECLARED_SELECTOR = YES;
				GCC_WARN_UNINITIALIZED_AUTOS = YES_AGGRESSIVE;
				GCC_WARN_UNUSED_FUNCTION = YES;
				GCC_WARN_UNUSED_VARIABLE = YES;
				IPHONEOS_DEPLOYMENT_TARGET = 10.3;
				MTL_ENABLE_DEBUG_INFO = YES;
				ONLY_ACTIVE_ARCH = YES;
				SDKROOT = iphoneos;
				SWIFT_ACTIVE_COMPILATION_CONDITIONS = DEBUG;
				SWIFT_OPTIMIZATION_LEVEL = "-Onone";
			};
			name = Debug;
		};
		9E8B98541F6AA7D700E22F73 /* Release */ = {
			isa = XCBuildConfiguration;
			buildSettings = {
				ALWAYS_SEARCH_USER_PATHS = NO;
				CLANG_ANALYZER_NONNULL = YES;
				CLANG_ANALYZER_NUMBER_OBJECT_CONVERSION = YES_AGGRESSIVE;
				CLANG_CXX_LANGUAGE_STANDARD = "gnu++0x";
				CLANG_CXX_LIBRARY = "libc++";
				CLANG_ENABLE_MODULES = YES;
				CLANG_ENABLE_OBJC_ARC = YES;
				CLANG_WARN_BOOL_CONVERSION = YES;
				CLANG_WARN_CONSTANT_CONVERSION = YES;
				CLANG_WARN_DIRECT_OBJC_ISA_USAGE = YES_ERROR;
				CLANG_WARN_DOCUMENTATION_COMMENTS = YES;
				CLANG_WARN_EMPTY_BODY = YES;
				CLANG_WARN_ENUM_CONVERSION = YES;
				CLANG_WARN_INFINITE_RECURSION = YES;
				CLANG_WARN_INT_CONVERSION = YES;
				CLANG_WARN_OBJC_ROOT_CLASS = YES_ERROR;
				CLANG_WARN_SUSPICIOUS_MOVE = YES;
				CLANG_WARN_UNREACHABLE_CODE = YES;
				CLANG_WARN__DUPLICATE_METHOD_MATCH = YES;
				"CODE_SIGN_IDENTITY[sdk=iphoneos*]" = "iPhone Developer";
				COPY_PHASE_STRIP = NO;
				DEBUG_INFORMATION_FORMAT = "dwarf-with-dsym";
				ENABLE_NS_ASSERTIONS = NO;
				ENABLE_STRICT_OBJC_MSGSEND = YES;
				GCC_C_LANGUAGE_STANDARD = gnu99;
				GCC_NO_COMMON_BLOCKS = YES;
				GCC_WARN_64_TO_32_BIT_CONVERSION = YES;
				GCC_WARN_ABOUT_RETURN_TYPE = YES_ERROR;
				GCC_WARN_UNDECLARED_SELECTOR = YES;
				GCC_WARN_UNINITIALIZED_AUTOS = YES_AGGRESSIVE;
				GCC_WARN_UNUSED_FUNCTION = YES;
				GCC_WARN_UNUSED_VARIABLE = YES;
				IPHONEOS_DEPLOYMENT_TARGET = 10.3;
				MTL_ENABLE_DEBUG_INFO = NO;
				SDKROOT = iphoneos;
				SWIFT_OPTIMIZATION_LEVEL = "-Owholemodule";
				VALIDATE_PRODUCT = YES;
			};
			name = Release;
		};
		9E8B98561F6AA7D700E22F73 /* Debug */ = {
			isa = XCBuildConfiguration;
			buildSettings = {
				ASSETCATALOG_COMPILER_APPICON_NAME = AppIcon;
				DEVELOPMENT_TEAM = 4ZWF4DD2Q3;
				INFOPLIST_FILE = CurrencyConverterProject/Info.plist;
				LD_RUNPATH_SEARCH_PATHS = "$(inherited) @executable_path/Frameworks";
				PRODUCT_BUNDLE_IDENTIFIER = Helen.CurrencyConverterProject;
				PRODUCT_NAME = "$(TARGET_NAME)";
				SWIFT_VERSION = 3.0;
			};
			name = Debug;
		};
		9E8B98571F6AA7D700E22F73 /* Release */ = {
			isa = XCBuildConfiguration;
			buildSettings = {
				ASSETCATALOG_COMPILER_APPICON_NAME = AppIcon;
				DEVELOPMENT_TEAM = 4ZWF4DD2Q3;
				INFOPLIST_FILE = CurrencyConverterProject/Info.plist;
				LD_RUNPATH_SEARCH_PATHS = "$(inherited) @executable_path/Frameworks";
				PRODUCT_BUNDLE_IDENTIFIER = Helen.CurrencyConverterProject;
				PRODUCT_NAME = "$(TARGET_NAME)";
				SWIFT_VERSION = 3.0;
			};
			name = Release;
		};
/* End XCBuildConfiguration section */

/* Begin XCConfigurationList section */
		9E8B983B1F6AA7D600E22F73 /* Build configuration list for PBXProject "CurrencyConverterProject" */ = {
			isa = XCConfigurationList;
			buildConfigurations = (
				9E8B98531F6AA7D700E22F73 /* Debug */,
				9E8B98541F6AA7D700E22F73 /* Release */,
			);
			defaultConfigurationIsVisible = 0;
			defaultConfigurationName = Release;
		};
		9E8B98551F6AA7D700E22F73 /* Build configuration list for PBXNativeTarget "CurrencyConverterProject" */ = {
			isa = XCConfigurationList;
			buildConfigurations = (
				9E8B98561F6AA7D700E22F73 /* Debug */,
				9E8B98571F6AA7D700E22F73 /* Release */,
			);
			defaultConfigurationIsVisible = 0;
		};
/* End XCConfigurationList section */

/* Begin XCVersionGroup section */
		9E8B984A1F6AA7D700E22F73 /* CurrencyConverterProject.xcdatamodeld */ = {
			isa = XCVersionGroup;
			children = (
				9E8B984B1F6AA7D700E22F73 /* CurrencyConverterProject.xcdatamodel */,
			);
			currentVersion = 9E8B984B1F6AA7D700E22F73 /* CurrencyConverterProject.xcdatamodel */;
			path = CurrencyConverterProject.xcdatamodeld;
			sourceTree = "<group>";
			versionGroupType = wrapper.xcdatamodel;
		};
/* End XCVersionGroup section */
	};
	rootObject = 9E8B98381F6AA7D600E22F73 /* Project object */;
}
